
Microsoft Visual Studio Solution File, Format Version 12.00
# Visual Studio 15
VisualStudioVersion = 15.0.27907.0
MinimumVisualStudioVersion = 10.0.40219.1
Project("{9A19103F-16F7-4668-BE54-9A1E7A4F7556}") = "webfrontend", "webfrontend.csproj", "{E3769E58-F39D-41AD-B85D-A87C3084D157}"
EndProject
Global
	GlobalSection(SolutionConfigurationPlatforms) = preSolution
		Debug|Any CPU = Debug|Any CPU
		Release|Any CPU = Release|Any CPU
	EndGlobalSection
	GlobalSection(ProjectConfigurationPlatforms) = postSolution
		{E3769E58-F39D-41AD-B85D-A87C3084D157}.Debug|Any CPU.ActiveCfg = Debug|Any CPU
		{E3769E58-F39D-41AD-B85D-A87C3084D157}.Debug|Any CPU.Build.0 = Debug|Any CPU
		{E3769E58-F39D-41AD-B85D-A87C3084D157}.Release|Any CPU.ActiveCfg = Release|Any CPU
		{E3769E58-F39D-41AD-B85D-A87C3084D157}.Release|Any CPU.Build.0 = Release|Any CPU
	EndGlobalSection
	GlobalSection(SolutionProperties) = preSolution
		HideSolutionNode = FALSE
	EndGlobalSection
	GlobalSection(ExtensibilityGlobals) = postSolution
		SolutionGuid = {FC35C9F0-D199-4CEA-B8C4-BAD58FECB333}
	EndGlobalSection
EndGlobal
